
Microsoft Visual Studio Solution File, Format Version 12.00
# Visual Studio Version 16
VisualStudioVersion = 16.0.32106.194
MinimumVisualStudioVersion = 10.0.40219.1
Project("{FAE04EC0-301F-11D3-BF4B-00C04F79EFBC}") = "SkipAnimations", "SkipAnimations\SkipAnimations.csproj", "{991C96F1-6E08-41F4-970C-5BC85A31E180}"
EndProject
Project("{D954291E-2A0B-460D-934E-DC6B0785DB48}") = "Shared", "Shared\Shared.shproj", "{CC3F2D84-7515-4FE6-85B2-72713933DD4D}"
EndProject
Project("{FAE04EC0-301F-11D3-BF4B-00C04F79EFBC}") = "Informed", "Informed\Informed.csproj", "{325F863C-F8C4-4D65-ABBD-5E50A76A6E56}"
EndProject
Project("{FAE04EC0-301F-11D3-BF4B-00C04F79EFBC}") = "MissionControl", "MissionControl\MissionControl.csproj", "{094C42D0-2A2C-4333-B60A-D35DBA9C3080}"
EndProject
Project("{FAE04EC0-301F-11D3-BF4B-00C04F79EFBC}") = "DeepSpaceSlots", "DeepSpaceSlots\DeepSpaceSlots.csproj", "{9E5E3C36-9D28-40B7-83A1-8610F7F2E3EB}"
EndProject
Project("{FAE04EC0-301F-11D3-BF4B-00C04F79EFBC}") = "PayloadQA", "PayloadQA\PayloadQA.csproj", "{68B09C92-C9FC-44AB-832C-504594A5376F}"
EndProject
Project("{FAE04EC0-301F-11D3-BF4B-00C04F79EFBC}") = "Zhant", "Zhant\Zhant.csproj", "{2FD63D0B-772A-4FD6-A0ED-756A4B46ED15}"
EndProject
Project("{FAE04EC0-301F-11D3-BF4B-00C04F79EFBC}") = "ModLoader", "ModLoader\ModLoader.csproj", "{2685D841-C89A-41CC-8303-F2C7ADE58D29}"
EndProject
Global
	GlobalSection(SharedMSBuildProjectFiles) = preSolution
		Shared\Shared.projitems*{cc3f2d84-7515-4fe6-85b2-72713933dd4d}*SharedItemsImports = 13
	EndGlobalSection
	GlobalSection(SolutionConfigurationPlatforms) = preSolution
		Debug|Any CPU = Debug|Any CPU
		Release|Any CPU = Release|Any CPU
	EndGlobalSection
	GlobalSection(ProjectConfigurationPlatforms) = postSolution
		{991C96F1-6E08-41F4-970C-5BC85A31E180}.Debug|Any CPU.ActiveCfg = Debug|Any CPU
		{991C96F1-6E08-41F4-970C-5BC85A31E180}.Debug|Any CPU.Build.0 = Debug|Any CPU
		{991C96F1-6E08-41F4-970C-5BC85A31E180}.Release|Any CPU.ActiveCfg = Release|Any CPU
		{991C96F1-6E08-41F4-970C-5BC85A31E180}.Release|Any CPU.Build.0 = Release|Any CPU
		{325F863C-F8C4-4D65-ABBD-5E50A76A6E56}.Debug|Any CPU.ActiveCfg = Debug|Any CPU
		{325F863C-F8C4-4D65-ABBD-5E50A76A6E56}.Debug|Any CPU.Build.0 = Debug|Any CPU
		{325F863C-F8C4-4D65-ABBD-5E50A76A6E56}.Release|Any CPU.ActiveCfg = Release|Any CPU
		{325F863C-F8C4-4D65-ABBD-5E50A76A6E56}.Release|Any CPU.Build.0 = Release|Any CPU
		{094C42D0-2A2C-4333-B60A-D35DBA9C3080}.Debug|Any CPU.ActiveCfg = Debug|Any CPU
		{094C42D0-2A2C-4333-B60A-D35DBA9C3080}.Debug|Any CPU.Build.0 = Debug|Any CPU
		{094C42D0-2A2C-4333-B60A-D35DBA9C3080}.Release|Any CPU.ActiveCfg = Release|Any CPU
		{094C42D0-2A2C-4333-B60A-D35DBA9C3080}.Release|Any CPU.Build.0 = Release|Any CPU
		{9E5E3C36-9D28-40B7-83A1-8610F7F2E3EB}.Debug|Any CPU.ActiveCfg = Debug|Any CPU
		{9E5E3C36-9D28-40B7-83A1-8610F7F2E3EB}.Debug|Any CPU.Build.0 = Debug|Any CPU
		{9E5E3C36-9D28-40B7-83A1-8610F7F2E3EB}.Release|Any CPU.ActiveCfg = Release|Any CPU
		{9E5E3C36-9D28-40B7-83A1-8610F7F2E3EB}.Release|Any CPU.Build.0 = Release|Any CPU
		{68B09C92-C9FC-44AB-832C-504594A5376F}.Debug|Any CPU.ActiveCfg = Debug|Any CPU
		{68B09C92-C9FC-44AB-832C-504594A5376F}.Debug|Any CPU.Build.0 = Debug|Any CPU
		{68B09C92-C9FC-44AB-832C-504594A5376F}.Release|Any CPU.ActiveCfg = Release|Any CPU
		{68B09C92-C9FC-44AB-832C-504594A5376F}.Release|Any CPU.Build.0 = Release|Any CPU
		{2FD63D0B-772A-4FD6-A0ED-756A4B46ED15}.Debug|Any CPU.ActiveCfg = Debug|Any CPU
		{2FD63D0B-772A-4FD6-A0ED-756A4B46ED15}.Debug|Any CPU.Build.0 = Debug|Any CPU
		{2FD63D0B-772A-4FD6-A0ED-756A4B46ED15}.Release|Any CPU.ActiveCfg = Release|Any CPU
		{2FD63D0B-772A-4FD6-A0ED-756A4B46ED15}.Release|Any CPU.Build.0 = Release|Any CPU
		{2685D841-C89A-41CC-8303-F2C7ADE58D29}.Debug|Any CPU.ActiveCfg = Debug|Any CPU
		{2685D841-C89A-41CC-8303-F2C7ADE58D29}.Debug|Any CPU.Build.0 = Debug|Any CPU
		{2685D841-C89A-41CC-8303-F2C7ADE58D29}.Release|Any CPU.ActiveCfg = Release|Any CPU
		{2685D841-C89A-41CC-8303-F2C7ADE58D29}.Release|Any CPU.Build.0 = Release|Any CPU
	EndGlobalSection
	GlobalSection(SolutionProperties) = preSolution
		HideSolutionNode = FALSE
	EndGlobalSection
	GlobalSection(ExtensibilityGlobals) = postSolution
		SolutionGuid = {D748A173-2277-4EBD-A493-CEBE37BE1BE7}
	EndGlobalSection
EndGlobal
